
Microsoft Visual Studio Solution File, Format Version 12.00
# Visual Studio Version 16
VisualStudioVersion = 16.0.32106.194
MinimumVisualStudioVersion = 10.0.40219.1
Project("{FAE04EC0-301F-11D3-BF4B-00C04F79EFBC}") = "DiffBkRestore", "DiffBkRestore.csproj", "{ACE2EA2E-D4A0-4B58-84FA-2C95A3A5EE7D}"
EndProject
Global
	GlobalSection(SolutionConfigurationPlatforms) = preSolution
		Debug|Any CPU = Debug|Any CPU
		Debug|x86 = Debug|x86
		Release|Any CPU = Release|Any CPU
		Release|x86 = Release|x86
	EndGlobalSection
	GlobalSection(ProjectConfigurationPlatforms) = postSolution
		{ACE2EA2E-D4A0-4B58-84FA-2C95A3A5EE7D}.Debug|Any CPU.ActiveCfg = Debug|Any CPU
		{ACE2EA2E-D4A0-4B58-84FA-2C95A3A5EE7D}.Debug|Any CPU.Build.0 = Debug|Any CPU
		{ACE2EA2E-D4A0-4B58-84FA-2C95A3A5EE7D}.Debug|x86.ActiveCfg = Debug|x86
		{ACE2EA2E-D4A0-4B58-84FA-2C95A3A5EE7D}.Debug|x86.Build.0 = Debug|x86
		{ACE2EA2E-D4A0-4B58-84FA-2C95A3A5EE7D}.Release|Any CPU.ActiveCfg = Release|Any CPU
		{ACE2EA2E-D4A0-4B58-84FA-2C95A3A5EE7D}.Release|Any CPU.Build.0 = Release|Any CPU
		{ACE2EA2E-D4A0-4B58-84FA-2C95A3A5EE7D}.Release|x86.ActiveCfg = Release|x86
		{ACE2EA2E-D4A0-4B58-84FA-2C95A3A5EE7D}.Release|x86.Build.0 = Release|x86
	EndGlobalSection
	GlobalSection(SolutionProperties) = preSolution
		HideSolutionNode = FALSE
	EndGlobalSection
	GlobalSection(ExtensibilityGlobals) = postSolution
		SolutionGuid = {8B8A319F-6EAD-47D0-AB34-69BAC21C6340}
	EndGlobalSection
EndGlobal
